
Microsoft Visual Studio Solution File, Format Version 12.00
# Visual Studio Version 16
VisualStudioVersion = 16.0.32106.194
MinimumVisualStudioVersion = 10.0.40219.1
Project("{2150E333-8FDC-42A3-9474-1A3956D46DE8}") = "Common", "Common", "{6881A608-B306-4243-AEDA-958EFCB1442C}"
EndProject
Project("{9A19103F-16F7-4668-BE54-9A1E7A4F7556}") = "SQL.Helper", "Common\SQL.Helper\SQL.Helper.csproj", "{58F2C7DE-A4FE-457D-92AE-01DE496EB801}"
EndProject
Project("{9A19103F-16F7-4668-BE54-9A1E7A4F7556}") = "Utility.Extensions", "Common\Utility.Extensions\Utility.Extensions.csproj", "{D741DC86-3DCA-4A70-B677-BC63DC952C73}"
EndProject
Project("{9A19103F-16F7-4668-BE54-9A1E7A4F7556}") = "Utility.Attributes", "Common\Utility.Attribute\Utility.Attributes.csproj", "{F470C52F-3A13-4210-A23D-0BEEF6E53841}"
EndProject
Project("{9A19103F-16F7-4668-BE54-9A1E7A4F7556}") = "Utility.Excel", "Common\Utility.Excel\Utility.Excel.csproj", "{F6AE998C-3879-42FE-9C31-06D244E833B2}"
EndProject
Project("{9A19103F-16F7-4668-BE54-9A1E7A4F7556}") = "Common.Enums", "Common\Comman.Enums\Common.Enums.csproj", "{41B6B95B-9DD3-4AA0-9491-2B4B1A1ACA02}"
EndProject
Project("{9A19103F-16F7-4668-BE54-9A1E7A4F7556}") = "HotRod.Cache", "Common\HotRod.Cache\HotRod.Cache.csproj", "{933E4718-E4E0-4D33-94C8-2FD68EB03768}"
EndProject
Project("{9A19103F-16F7-4668-BE54-9A1E7A4F7556}") = "Application.Behaviours", "Common\Application.Behaviours\Application.Behaviours.csproj", "{D03D1E5F-CF71-44BD-8109-BA5B56813B26}"
EndProject
Project("{9A19103F-16F7-4668-BE54-9A1E7A4F7556}") = "Common.Wrappers", "Common\Common.Model\Common.Wrappers.csproj", "{F4E4BC27-2EB3-4FCA-B43F-52FF0393127B}"
EndProject
Project("{9A19103F-16F7-4668-BE54-9A1E7A4F7556}") = "WebApi.Services", "Common\WebApi.Services\WebApi.Services.csproj", "{F6A9712F-DC7B-4506-A97F-B813044B1719}"
EndProject
Project("{9A19103F-16F7-4668-BE54-9A1E7A4F7556}") = "Loggers.Logs", "Common\Loggers.Logs\Loggers.Logs.csproj", "{4810D144-F864-4926-9B1B-98B900988104}"
EndProject
Project("{9A19103F-16F7-4668-BE54-9A1E7A4F7556}") = "Data.Db.Service", "Common\Data.Db.Service\Data.Db.Service.csproj", "{F1F9C340-3D27-456F-884F-64E848A8871A}"
EndProject
Project("{2150E333-8FDC-42A3-9474-1A3956D46DE8}") = "Sample", "Sample", "{98076527-5593-4C68-ACF7-84617FB175F9}"
EndProject
Project("{2150E333-8FDC-42A3-9474-1A3956D46DE8}") = "Domain", "Domain", "{977AC170-BF7D-4D0A-AA91-B33C6AC72C33}"
EndProject
Project("{2150E333-8FDC-42A3-9474-1A3956D46DE8}") = "Infrastructure", "Infrastructure", "{E4A07E24-484E-4F7F-AE56-A2C82789AEB3}"
EndProject
Project("{2150E333-8FDC-42A3-9474-1A3956D46DE8}") = "API", "API", "{55F85640-F5BE-4934-8BCF-0D49885E96C3}"
EndProject
Project("{9A19103F-16F7-4668-BE54-9A1E7A4F7556}") = "Sample.API", "Services\Sample\SampleWebAPI\Sample.API.csproj", "{EBF1B400-98DB-45F9-98C3-682AED5C86AC}"
EndProject
Project("{2150E333-8FDC-42A3-9474-1A3956D46DE8}") = "Application", "Application", "{1A11B18C-B7E1-4CCF-85B6-EED44EBE9C26}"
EndProject
Project("{9A19103F-16F7-4668-BE54-9A1E7A4F7556}") = "Sample.Application", "Services\Sample\Sample.Application\Sample.Application.csproj", "{093154C6-7527-4FED-92D6-5884A32F2C8A}"
EndProject
Project("{9A19103F-16F7-4668-BE54-9A1E7A4F7556}") = "Sample.Domain", "Services\Sample\Sample.Domain\Sample.Domain.csproj", "{BE3362AD-138F-481C-B710-28A2DF01D4F2}"
EndProject
Project("{9A19103F-16F7-4668-BE54-9A1E7A4F7556}") = "Common.Application", "Common\Common.Application\Common.Application.csproj", "{B8F5B28F-1137-4E05-B0CA-DE8C94D05B74}"
EndProject
Project("{9A19103F-16F7-4668-BE54-9A1E7A4F7556}") = "Sample.Infrastructure", "Services\Sample\Sample.Infrastructure\Sample.Infrastructure.csproj", "{69837F54-9A0E-4E07-B564-22A3AD1E4AEC}"
EndProject
Project("{9A19103F-16F7-4668-BE54-9A1E7A4F7556}") = "AspNet.Attributes", "Common\AspNet.Attributes\AspNet.Attributes.csproj", "{40F9E2BC-D0F5-4CE2-9D49-0971A96EB243}"
EndProject
Project("{2150E333-8FDC-42A3-9474-1A3956D46DE8}") = "test", "test", "{88A3ABAD-E1A0-4425-9A7D-64FC4587E6B8}"
EndProject
Project("{9A19103F-16F7-4668-BE54-9A1E7A4F7556}") = "Sample.API.IntegrationTests", "Services\Sample\Test\Sample.API.IntegrationTests\Sample.API.IntegrationTests.csproj", "{57905495-83FC-40DC-9EB0-C70DB466DEE2}"
EndProject
Project("{9A19103F-16F7-4668-BE54-9A1E7A4F7556}") = "Sample.Application.UnitTests", "Services\Sample\Test\Sample.Application.UnitTests\Sample.Application.UnitTests.csproj", "{1334328B-C5FE-4AD2-A625-6D5D9906B317}"
EndProject
Project("{2150E333-8FDC-42A3-9474-1A3956D46DE8}") = "LoginServiceCore", "LoginServiceCore", "{9C27C0DB-39E1-45F2-AC3E-9E9B53008FE5}"
EndProject
Project("{2150E333-8FDC-42A3-9474-1A3956D46DE8}") = "API", "API", "{5F4AD8CD-C089-4A2A-92B2-4CAFBF496B49}"
EndProject
Project("{2150E333-8FDC-42A3-9474-1A3956D46DE8}") = "Application", "Application", "{0D39682E-E230-47E3-A1ED-60D418368F0D}"
EndProject
Project("{2150E333-8FDC-42A3-9474-1A3956D46DE8}") = "Infrastructure", "Infrastructure", "{4FA88161-9B62-4764-84EA-B7126699AFA7}"
EndProject
Project("{2150E333-8FDC-42A3-9474-1A3956D46DE8}") = "test", "test", "{5C554E37-B4FF-4C30-866F-15ADCC2F44A9}"
EndProject
Project("{9A19103F-16F7-4668-BE54-9A1E7A4F7556}") = "LoginServiceCoreAPI", "Services\LoginServiceCore\LoginServiceCoreAPI\LoginServiceCoreAPI\LoginServiceCoreAPI.csproj", "{DAE8E956-F7B7-4D72-B45D-7B0B71FE273B}"
EndProject
Project("{9A19103F-16F7-4668-BE54-9A1E7A4F7556}") = "LoginService.Application", "Services\LoginServiceCore\Application\LoginService.Application\LoginService.Application.csproj", "{A91F1019-6B06-4707-947C-8CCDFD24E1BD}"
EndProject
Project("{9A19103F-16F7-4668-BE54-9A1E7A4F7556}") = "Login.Infrastructure", "Services\LoginServiceCore\Infrastructure\Login.Infrastructure\Login.Infrastructure.csproj", "{E8237B8E-C951-4939-9D31-53113D98A516}"
EndProject
Project("{9A19103F-16F7-4668-BE54-9A1E7A4F7556}") = "Login.Identity", "Services\LoginServiceCore\Infrastructure\Login.Identity\Login.Identity.csproj", "{23644B08-62FE-4863-8977-2F65696C1904}"
EndProject
Project("{9A19103F-16F7-4668-BE54-9A1E7A4F7556}") = "Shared.Services", "Common\Shared.Services\Shared.Services.csproj", "{BF27D71B-E7A4-4208-9845-32B06747D237}"
EndProject
Project("{9A19103F-16F7-4668-BE54-9A1E7A4F7556}") = "Utility.Common", "Common\Utility.Common\Utility.Common.csproj", "{4046C294-C1FD-407E-8765-AEA0E6988F49}"
EndProject
Project("{9A19103F-16F7-4668-BE54-9A1E7A4F7556}") = "LoginService.API.Integration.Tests", "Services\LoginServiceCore\Test\LoginService.API.Integration.Tests\LoginService.API.Integration.Tests.csproj", "{901FE2AE-C508-45C4-8641-4C38062A138B}"
EndProject
Project("{9A19103F-16F7-4668-BE54-9A1E7A4F7556}") = "HotRod.Cache.Connector", "Common\HotRod.Cache.Connector\HotRod.Cache.Connector.csproj", "{ABE3EEE6-8AE9-4DA3-B3A2-FD51654A6EF1}"
EndProject
Project("{2150E333-8FDC-42A3-9474-1A3956D46DE8}") = "Shared", "Shared", "{B8AFB77A-5E70-4AD4-8D16-A7ED7E7ED237}"
	ProjectSection(SolutionItems) = preProject
		Shared\SharedSettings.json = Shared\SharedSettings.json
	EndProjectSection
EndProject
Project("{2150E333-8FDC-42A3-9474-1A3956D46DE8}") = "MasterCacheService", "MasterCacheService", "{28425359-FFC1-4ADD-A6E9-94E92424752A}"
EndProject
Project("{2150E333-8FDC-42A3-9474-1A3956D46DE8}") = "API", "API", "{9741C8ED-F597-43BA-925E-E06F4C6584B7}"
EndProject
Project("{2150E333-8FDC-42A3-9474-1A3956D46DE8}") = "Application", "Application", "{C6E56D9E-A492-48C3-A3E4-6BBB80FD04EF}"
EndProject
Project("{2150E333-8FDC-42A3-9474-1A3956D46DE8}") = "Infrastructure", "Infrastructure", "{C1F59CF2-9A10-4F6A-A33B-81733E9CA72A}"
EndProject
Project("{2150E333-8FDC-42A3-9474-1A3956D46DE8}") = "test", "test", "{04CCDD5B-52D2-4B55-A741-F43491697C83}"
EndProject
Project("{9A19103F-16F7-4668-BE54-9A1E7A4F7556}") = "MasterCacheServiceAPI", "Services\MasterCacheService\MasterCacheAPI\MasterCacheServiceAPI\MasterCacheServiceAPI.csproj", "{C127E66D-600C-45D8-91EB-C78F3C2C96A7}"
EndProject
Project("{9A19103F-16F7-4668-BE54-9A1E7A4F7556}") = "MasterCacheService.Application", "Services\MasterCacheService\Application\MasterCacheService.Application\MasterCacheService.Application.csproj", "{1BAE37B3-87C2-4D63-B3F3-3C31E581DC9F}"
EndProject
Project("{9A19103F-16F7-4668-BE54-9A1E7A4F7556}") = "MasterCache.Service", "Services\MasterCacheService\Infrastructure\MasterCacheService.Infrastructure\MasterCache.Service.csproj", "{F3DF9D75-7F06-49C7-AD0A-2C7AC91D5F87}"
EndProject
Project("{9A19103F-16F7-4668-BE54-9A1E7A4F7556}") = "MasterCacheService.API.Integration.Tests", "Services\MasterCacheService\Test\MasterCacheService.API.Integration.Tests\MasterCacheService.API.Integration.Tests.csproj", "{40A88835-5A84-4516-BBD9-8C429B242A1D}"
EndProject
Project("{9A19103F-16F7-4668-BE54-9A1E7A4F7556}") = "Master.Cache.Service", "Common\Master.Cache.Service\Master.Cache.Service.csproj", "{41276D30-0522-4BB0-AFD2-DF6943E98392}"
EndProject
Project("{2150E333-8FDC-42A3-9474-1A3956D46DE8}") = "Services", "Services", "{8A7D0879-B967-4DF1-BB77-D05529E3E265}"
EndProject
Project("{9A19103F-16F7-4668-BE54-9A1E7A4F7556}") = "PBSecurity", "Common\PBSecurity\PBSecurity.csproj", "{5A8F745C-1A87-4D63-8D48-59F5395C3879}"
EndProject
Project("{9A19103F-16F7-4668-BE54-9A1E7A4F7556}") = "FPB.Gateway.WebAPI", "FPB.Gateway.WebAPI\FPB.Gateway.WebAPI.csproj", "{B539185C-DD65-4C61-A763-45CAC50AF55A}"
EndProject
Project("{2150E333-8FDC-42A3-9474-1A3956D46DE8}") = "SaveServiceRequest", "SaveServiceRequest", "{63F0CDA3-050A-40BD-A369-D62408E6A82C}"
EndProject
Project("{2150E333-8FDC-42A3-9474-1A3956D46DE8}") = "API", "API", "{BDFE6CE8-DF2E-4CF2-BB1D-8F29001BA3C4}"
EndProject
Project("{2150E333-8FDC-42A3-9474-1A3956D46DE8}") = "Application", "Application", "{64E503E4-3286-4F46-B407-1CE82F93F047}"
EndProject
Project("{2150E333-8FDC-42A3-9474-1A3956D46DE8}") = "Infrastructure", "Infrastructure", "{C4E35E10-DF02-4B8B-AA3F-DBAED407E083}"
EndProject
Project("{2150E333-8FDC-42A3-9474-1A3956D46DE8}") = "test", "test", "{3912867C-1E49-4C50-8076-6E608C59F865}"
EndProject
Project("{FAE04EC0-301F-11D3-BF4B-00C04F79EFBC}") = "ServiceRequestCoreAPI", "Services\SaveServiceRequest\ServiceRequestCoreAPI\ServiceRequestCoreAPI\ServiceRequestCoreAPI.csproj", "{F55F6E9C-6731-4594-91F4-1A6B9C1D57C5}"
EndProject
Project("{FAE04EC0-301F-11D3-BF4B-00C04F79EFBC}") = "ServiceRequest.Application", "Services\SaveServiceRequest\Application\ServiceRequest.Application\ServiceRequest.Application.csproj", "{98E9775D-AA8A-4D98-969A-E0A1CB2AA5E5}"
EndProject
Project("{FAE04EC0-301F-11D3-BF4B-00C04F79EFBC}") = "ServiceRequest.Identity", "Services\SaveServiceRequest\Infrastructure\ServiceRequest.Identity\ServiceRequest.Identity.csproj", "{E20ED833-4B40-4C5B-B5E2-31854AE7FC39}"
EndProject
Project("{FAE04EC0-301F-11D3-BF4B-00C04F79EFBC}") = "ServiceRequest.Infrastructure", "Services\SaveServiceRequest\Infrastructure\ServiceRequest.Infrastructure\ServiceRequest.Infrastructure.csproj", "{1D1180A3-1463-4A87-A4E9-9744EC97808F}"
EndProject
Project("{FAE04EC0-301F-11D3-BF4B-00C04F79EFBC}") = "ServiceRequest.API.Integration.Tests", "Services\SaveServiceRequest\Test\ServiceRequest.API.Integration.Tests\ServiceRequest.API.Integration.Tests.csproj", "{1369EE35-B756-41C9-ADDD-87F8C3DB3FA1}"
EndProject
Global
	GlobalSection(SolutionConfigurationPlatforms) = preSolution
		Debug|Any CPU = Debug|Any CPU
		Release|Any CPU = Release|Any CPU
	EndGlobalSection
	GlobalSection(ProjectConfigurationPlatforms) = postSolution
		{58F2C7DE-A4FE-457D-92AE-01DE496EB801}.Debug|Any CPU.ActiveCfg = Debug|Any CPU
		{58F2C7DE-A4FE-457D-92AE-01DE496EB801}.Debug|Any CPU.Build.0 = Debug|Any CPU
		{58F2C7DE-A4FE-457D-92AE-01DE496EB801}.Release|Any CPU.ActiveCfg = Release|Any CPU
		{58F2C7DE-A4FE-457D-92AE-01DE496EB801}.Release|Any CPU.Build.0 = Release|Any CPU
		{D741DC86-3DCA-4A70-B677-BC63DC952C73}.Debug|Any CPU.ActiveCfg = Debug|Any CPU
		{D741DC86-3DCA-4A70-B677-BC63DC952C73}.Debug|Any CPU.Build.0 = Debug|Any CPU
		{D741DC86-3DCA-4A70-B677-BC63DC952C73}.Release|Any CPU.ActiveCfg = Release|Any CPU
		{D741DC86-3DCA-4A70-B677-BC63DC952C73}.Release|Any CPU.Build.0 = Release|Any CPU
		{F470C52F-3A13-4210-A23D-0BEEF6E53841}.Debug|Any CPU.ActiveCfg = Debug|Any CPU
		{F470C52F-3A13-4210-A23D-0BEEF6E53841}.Debug|Any CPU.Build.0 = Debug|Any CPU
		{F470C52F-3A13-4210-A23D-0BEEF6E53841}.Release|Any CPU.ActiveCfg = Release|Any CPU
		{F470C52F-3A13-4210-A23D-0BEEF6E53841}.Release|Any CPU.Build.0 = Release|Any CPU
		{F6AE998C-3879-42FE-9C31-06D244E833B2}.Debug|Any CPU.ActiveCfg = Debug|Any CPU
		{F6AE998C-3879-42FE-9C31-06D244E833B2}.Debug|Any CPU.Build.0 = Debug|Any CPU
		{F6AE998C-3879-42FE-9C31-06D244E833B2}.Release|Any CPU.ActiveCfg = Release|Any CPU
		{F6AE998C-3879-42FE-9C31-06D244E833B2}.Release|Any CPU.Build.0 = Release|Any CPU
		{41B6B95B-9DD3-4AA0-9491-2B4B1A1ACA02}.Debug|Any CPU.ActiveCfg = Debug|Any CPU
		{41B6B95B-9DD3-4AA0-9491-2B4B1A1ACA02}.Debug|Any CPU.Build.0 = Debug|Any CPU
		{41B6B95B-9DD3-4AA0-9491-2B4B1A1ACA02}.Release|Any CPU.ActiveCfg = Release|Any CPU
		{41B6B95B-9DD3-4AA0-9491-2B4B1A1ACA02}.Release|Any CPU.Build.0 = Release|Any CPU
		{933E4718-E4E0-4D33-94C8-2FD68EB03768}.Debug|Any CPU.ActiveCfg = Debug|Any CPU
		{933E4718-E4E0-4D33-94C8-2FD68EB03768}.Debug|Any CPU.Build.0 = Debug|Any CPU
		{933E4718-E4E0-4D33-94C8-2FD68EB03768}.Release|Any CPU.ActiveCfg = Release|Any CPU
		{933E4718-E4E0-4D33-94C8-2FD68EB03768}.Release|Any CPU.Build.0 = Release|Any CPU
		{D03D1E5F-CF71-44BD-8109-BA5B56813B26}.Debug|Any CPU.ActiveCfg = Debug|Any CPU
		{D03D1E5F-CF71-44BD-8109-BA5B56813B26}.Debug|Any CPU.Build.0 = Debug|Any CPU
		{D03D1E5F-CF71-44BD-8109-BA5B56813B26}.Release|Any CPU.ActiveCfg = Release|Any CPU
		{D03D1E5F-CF71-44BD-8109-BA5B56813B26}.Release|Any CPU.Build.0 = Release|Any CPU
		{F4E4BC27-2EB3-4FCA-B43F-52FF0393127B}.Debug|Any CPU.ActiveCfg = Debug|Any CPU
		{F4E4BC27-2EB3-4FCA-B43F-52FF0393127B}.Debug|Any CPU.Build.0 = Debug|Any CPU
		{F4E4BC27-2EB3-4FCA-B43F-52FF0393127B}.Release|Any CPU.ActiveCfg = Release|Any CPU
		{F4E4BC27-2EB3-4FCA-B43F-52FF0393127B}.Release|Any CPU.Build.0 = Release|Any CPU
		{F6A9712F-DC7B-4506-A97F-B813044B1719}.Debug|Any CPU.ActiveCfg = Debug|Any CPU
		{F6A9712F-DC7B-4506-A97F-B813044B1719}.Debug|Any CPU.Build.0 = Debug|Any CPU
		{F6A9712F-DC7B-4506-A97F-B813044B1719}.Release|Any CPU.ActiveCfg = Release|Any CPU
		{F6A9712F-DC7B-4506-A97F-B813044B1719}.Release|Any CPU.Build.0 = Release|Any CPU
		{4810D144-F864-4926-9B1B-98B900988104}.Debug|Any CPU.ActiveCfg = Debug|Any CPU
		{4810D144-F864-4926-9B1B-98B900988104}.Debug|Any CPU.Build.0 = Debug|Any CPU
		{4810D144-F864-4926-9B1B-98B900988104}.Release|Any CPU.ActiveCfg = Release|Any CPU
		{4810D144-F864-4926-9B1B-98B900988104}.Release|Any CPU.Build.0 = Release|Any CPU
		{F1F9C340-3D27-456F-884F-64E848A8871A}.Debug|Any CPU.ActiveCfg = Debug|Any CPU
		{F1F9C340-3D27-456F-884F-64E848A8871A}.Debug|Any CPU.Build.0 = Debug|Any CPU
		{F1F9C340-3D27-456F-884F-64E848A8871A}.Release|Any CPU.ActiveCfg = Release|Any CPU
		{F1F9C340-3D27-456F-884F-64E848A8871A}.Release|Any CPU.Build.0 = Release|Any CPU
		{EBF1B400-98DB-45F9-98C3-682AED5C86AC}.Debug|Any CPU.ActiveCfg = Debug|Any CPU
		{EBF1B400-98DB-45F9-98C3-682AED5C86AC}.Debug|Any CPU.Build.0 = Debug|Any CPU
		{EBF1B400-98DB-45F9-98C3-682AED5C86AC}.Release|Any CPU.ActiveCfg = Release|Any CPU
		{EBF1B400-98DB-45F9-98C3-682AED5C86AC}.Release|Any CPU.Build.0 = Release|Any CPU
		{093154C6-7527-4FED-92D6-5884A32F2C8A}.Debug|Any CPU.ActiveCfg = Debug|Any CPU
		{093154C6-7527-4FED-92D6-5884A32F2C8A}.Debug|Any CPU.Build.0 = Debug|Any CPU
		{093154C6-7527-4FED-92D6-5884A32F2C8A}.Release|Any CPU.ActiveCfg = Release|Any CPU
		{093154C6-7527-4FED-92D6-5884A32F2C8A}.Release|Any CPU.Build.0 = Release|Any CPU
		{BE3362AD-138F-481C-B710-28A2DF01D4F2}.Debug|Any CPU.ActiveCfg = Debug|Any CPU
		{BE3362AD-138F-481C-B710-28A2DF01D4F2}.Debug|Any CPU.Build.0 = Debug|Any CPU
		{BE3362AD-138F-481C-B710-28A2DF01D4F2}.Release|Any CPU.ActiveCfg = Release|Any CPU
		{BE3362AD-138F-481C-B710-28A2DF01D4F2}.Release|Any CPU.Build.0 = Release|Any CPU
		{B8F5B28F-1137-4E05-B0CA-DE8C94D05B74}.Debug|Any CPU.ActiveCfg = Debug|Any CPU
		{B8F5B28F-1137-4E05-B0CA-DE8C94D05B74}.Debug|Any CPU.Build.0 = Debug|Any CPU
		{B8F5B28F-1137-4E05-B0CA-DE8C94D05B74}.Release|Any CPU.ActiveCfg = Release|Any CPU
		{B8F5B28F-1137-4E05-B0CA-DE8C94D05B74}.Release|Any CPU.Build.0 = Release|Any CPU
		{69837F54-9A0E-4E07-B564-22A3AD1E4AEC}.Debug|Any CPU.ActiveCfg = Debug|Any CPU
		{69837F54-9A0E-4E07-B564-22A3AD1E4AEC}.Debug|Any CPU.Build.0 = Debug|Any CPU
		{69837F54-9A0E-4E07-B564-22A3AD1E4AEC}.Release|Any CPU.ActiveCfg = Release|Any CPU
		{69837F54-9A0E-4E07-B564-22A3AD1E4AEC}.Release|Any CPU.Build.0 = Release|Any CPU
		{40F9E2BC-D0F5-4CE2-9D49-0971A96EB243}.Debug|Any CPU.ActiveCfg = Debug|Any CPU
		{40F9E2BC-D0F5-4CE2-9D49-0971A96EB243}.Debug|Any CPU.Build.0 = Debug|Any CPU
		{40F9E2BC-D0F5-4CE2-9D49-0971A96EB243}.Release|Any CPU.ActiveCfg = Release|Any CPU
		{40F9E2BC-D0F5-4CE2-9D49-0971A96EB243}.Release|Any CPU.Build.0 = Release|Any CPU
		{57905495-83FC-40DC-9EB0-C70DB466DEE2}.Debug|Any CPU.ActiveCfg = Debug|Any CPU
		{57905495-83FC-40DC-9EB0-C70DB466DEE2}.Debug|Any CPU.Build.0 = Debug|Any CPU
		{57905495-83FC-40DC-9EB0-C70DB466DEE2}.Release|Any CPU.ActiveCfg = Release|Any CPU
		{57905495-83FC-40DC-9EB0-C70DB466DEE2}.Release|Any CPU.Build.0 = Release|Any CPU
		{1334328B-C5FE-4AD2-A625-6D5D9906B317}.Debug|Any CPU.ActiveCfg = Debug|Any CPU
		{1334328B-C5FE-4AD2-A625-6D5D9906B317}.Debug|Any CPU.Build.0 = Debug|Any CPU
		{1334328B-C5FE-4AD2-A625-6D5D9906B317}.Release|Any CPU.ActiveCfg = Release|Any CPU
		{1334328B-C5FE-4AD2-A625-6D5D9906B317}.Release|Any CPU.Build.0 = Release|Any CPU
		{DAE8E956-F7B7-4D72-B45D-7B0B71FE273B}.Debug|Any CPU.ActiveCfg = Debug|Any CPU
		{DAE8E956-F7B7-4D72-B45D-7B0B71FE273B}.Debug|Any CPU.Build.0 = Debug|Any CPU
		{DAE8E956-F7B7-4D72-B45D-7B0B71FE273B}.Release|Any CPU.ActiveCfg = Release|Any CPU
		{DAE8E956-F7B7-4D72-B45D-7B0B71FE273B}.Release|Any CPU.Build.0 = Release|Any CPU
		{A91F1019-6B06-4707-947C-8CCDFD24E1BD}.Debug|Any CPU.ActiveCfg = Debug|Any CPU
		{A91F1019-6B06-4707-947C-8CCDFD24E1BD}.Debug|Any CPU.Build.0 = Debug|Any CPU
		{A91F1019-6B06-4707-947C-8CCDFD24E1BD}.Release|Any CPU.ActiveCfg = Release|Any CPU
		{A91F1019-6B06-4707-947C-8CCDFD24E1BD}.Release|Any CPU.Build.0 = Release|Any CPU
		{E8237B8E-C951-4939-9D31-53113D98A516}.Debug|Any CPU.ActiveCfg = Debug|Any CPU
		{E8237B8E-C951-4939-9D31-53113D98A516}.Debug|Any CPU.Build.0 = Debug|Any CPU
		{E8237B8E-C951-4939-9D31-53113D98A516}.Release|Any CPU.ActiveCfg = Release|Any CPU
		{E8237B8E-C951-4939-9D31-53113D98A516}.Release|Any CPU.Build.0 = Release|Any CPU
		{23644B08-62FE-4863-8977-2F65696C1904}.Debug|Any CPU.ActiveCfg = Debug|Any CPU
		{23644B08-62FE-4863-8977-2F65696C1904}.Debug|Any CPU.Build.0 = Debug|Any CPU
		{23644B08-62FE-4863-8977-2F65696C1904}.Release|Any CPU.ActiveCfg = Release|Any CPU
		{23644B08-62FE-4863-8977-2F65696C1904}.Release|Any CPU.Build.0 = Release|Any CPU
		{BF27D71B-E7A4-4208-9845-32B06747D237}.Debug|Any CPU.ActiveCfg = Debug|Any CPU
		{BF27D71B-E7A4-4208-9845-32B06747D237}.Debug|Any CPU.Build.0 = Debug|Any CPU
		{BF27D71B-E7A4-4208-9845-32B06747D237}.Release|Any CPU.ActiveCfg = Release|Any CPU
		{BF27D71B-E7A4-4208-9845-32B06747D237}.Release|Any CPU.Build.0 = Release|Any CPU
		{4046C294-C1FD-407E-8765-AEA0E6988F49}.Debug|Any CPU.ActiveCfg = Debug|Any CPU
		{4046C294-C1FD-407E-8765-AEA0E6988F49}.Debug|Any CPU.Build.0 = Debug|Any CPU
		{4046C294-C1FD-407E-8765-AEA0E6988F49}.Release|Any CPU.ActiveCfg = Release|Any CPU
		{4046C294-C1FD-407E-8765-AEA0E6988F49}.Release|Any CPU.Build.0 = Release|Any CPU
		{901FE2AE-C508-45C4-8641-4C38062A138B}.Debug|Any CPU.ActiveCfg = Debug|Any CPU
		{901FE2AE-C508-45C4-8641-4C38062A138B}.Debug|Any CPU.Build.0 = Debug|Any CPU
		{901FE2AE-C508-45C4-8641-4C38062A138B}.Release|Any CPU.ActiveCfg = Release|Any CPU
		{901FE2AE-C508-45C4-8641-4C38062A138B}.Release|Any CPU.Build.0 = Release|Any CPU
		{ABE3EEE6-8AE9-4DA3-B3A2-FD51654A6EF1}.Debug|Any CPU.ActiveCfg = Debug|Any CPU
		{ABE3EEE6-8AE9-4DA3-B3A2-FD51654A6EF1}.Debug|Any CPU.Build.0 = Debug|Any CPU
		{ABE3EEE6-8AE9-4DA3-B3A2-FD51654A6EF1}.Release|Any CPU.ActiveCfg = Release|Any CPU
		{ABE3EEE6-8AE9-4DA3-B3A2-FD51654A6EF1}.Release|Any CPU.Build.0 = Release|Any CPU
		{C127E66D-600C-45D8-91EB-C78F3C2C96A7}.Debug|Any CPU.ActiveCfg = Debug|Any CPU
		{C127E66D-600C-45D8-91EB-C78F3C2C96A7}.Debug|Any CPU.Build.0 = Debug|Any CPU
		{C127E66D-600C-45D8-91EB-C78F3C2C96A7}.Release|Any CPU.ActiveCfg = Release|Any CPU
		{C127E66D-600C-45D8-91EB-C78F3C2C96A7}.Release|Any CPU.Build.0 = Release|Any CPU
		{1BAE37B3-87C2-4D63-B3F3-3C31E581DC9F}.Debug|Any CPU.ActiveCfg = Debug|Any CPU
		{1BAE37B3-87C2-4D63-B3F3-3C31E581DC9F}.Debug|Any CPU.Build.0 = Debug|Any CPU
		{1BAE37B3-87C2-4D63-B3F3-3C31E581DC9F}.Release|Any CPU.ActiveCfg = Release|Any CPU
		{1BAE37B3-87C2-4D63-B3F3-3C31E581DC9F}.Release|Any CPU.Build.0 = Release|Any CPU
		{F3DF9D75-7F06-49C7-AD0A-2C7AC91D5F87}.Debug|Any CPU.ActiveCfg = Debug|Any CPU
		{F3DF9D75-7F06-49C7-AD0A-2C7AC91D5F87}.Debug|Any CPU.Build.0 = Debug|Any CPU
		{F3DF9D75-7F06-49C7-AD0A-2C7AC91D5F87}.Release|Any CPU.ActiveCfg = Release|Any CPU
		{F3DF9D75-7F06-49C7-AD0A-2C7AC91D5F87}.Release|Any CPU.Build.0 = Release|Any CPU
		{40A88835-5A84-4516-BBD9-8C429B242A1D}.Debug|Any CPU.ActiveCfg = Debug|Any CPU
		{40A88835-5A84-4516-BBD9-8C429B242A1D}.Debug|Any CPU.Build.0 = Debug|Any CPU
		{40A88835-5A84-4516-BBD9-8C429B242A1D}.Release|Any CPU.ActiveCfg = Release|Any CPU
		{40A88835-5A84-4516-BBD9-8C429B242A1D}.Release|Any CPU.Build.0 = Release|Any CPU
		{41276D30-0522-4BB0-AFD2-DF6943E98392}.Debug|Any CPU.ActiveCfg = Debug|Any CPU
		{41276D30-0522-4BB0-AFD2-DF6943E98392}.Debug|Any CPU.Build.0 = Debug|Any CPU
		{41276D30-0522-4BB0-AFD2-DF6943E98392}.Release|Any CPU.ActiveCfg = Release|Any CPU
		{41276D30-0522-4BB0-AFD2-DF6943E98392}.Release|Any CPU.Build.0 = Release|Any CPU
		{5A8F745C-1A87-4D63-8D48-59F5395C3879}.Debug|Any CPU.ActiveCfg = Debug|Any CPU
		{5A8F745C-1A87-4D63-8D48-59F5395C3879}.Debug|Any CPU.Build.0 = Debug|Any CPU
		{5A8F745C-1A87-4D63-8D48-59F5395C3879}.Release|Any CPU.ActiveCfg = Release|Any CPU
		{5A8F745C-1A87-4D63-8D48-59F5395C3879}.Release|Any CPU.Build.0 = Release|Any CPU
		{B539185C-DD65-4C61-A763-45CAC50AF55A}.Debug|Any CPU.ActiveCfg = Debug|Any CPU
		{B539185C-DD65-4C61-A763-45CAC50AF55A}.Debug|Any CPU.Build.0 = Debug|Any CPU
		{B539185C-DD65-4C61-A763-45CAC50AF55A}.Release|Any CPU.ActiveCfg = Release|Any CPU
		{B539185C-DD65-4C61-A763-45CAC50AF55A}.Release|Any CPU.Build.0 = Release|Any CPU
		{F55F6E9C-6731-4594-91F4-1A6B9C1D57C5}.Debug|Any CPU.ActiveCfg = Debug|Any CPU
		{F55F6E9C-6731-4594-91F4-1A6B9C1D57C5}.Debug|Any CPU.Build.0 = Debug|Any CPU
		{F55F6E9C-6731-4594-91F4-1A6B9C1D57C5}.Release|Any CPU.ActiveCfg = Release|Any CPU
		{F55F6E9C-6731-4594-91F4-1A6B9C1D57C5}.Release|Any CPU.Build.0 = Release|Any CPU
		{98E9775D-AA8A-4D98-969A-E0A1CB2AA5E5}.Debug|Any CPU.ActiveCfg = Debug|Any CPU
		{98E9775D-AA8A-4D98-969A-E0A1CB2AA5E5}.Debug|Any CPU.Build.0 = Debug|Any CPU
		{98E9775D-AA8A-4D98-969A-E0A1CB2AA5E5}.Release|Any CPU.ActiveCfg = Release|Any CPU
		{98E9775D-AA8A-4D98-969A-E0A1CB2AA5E5}.Release|Any CPU.Build.0 = Release|Any CPU
		{E20ED833-4B40-4C5B-B5E2-31854AE7FC39}.Debug|Any CPU.ActiveCfg = Debug|Any CPU
		{E20ED833-4B40-4C5B-B5E2-31854AE7FC39}.Debug|Any CPU.Build.0 = Debug|Any CPU
		{E20ED833-4B40-4C5B-B5E2-31854AE7FC39}.Release|Any CPU.ActiveCfg = Release|Any CPU
		{E20ED833-4B40-4C5B-B5E2-31854AE7FC39}.Release|Any CPU.Build.0 = Release|Any CPU
		{1D1180A3-1463-4A87-A4E9-9744EC97808F}.Debug|Any CPU.ActiveCfg = Debug|Any CPU
		{1D1180A3-1463-4A87-A4E9-9744EC97808F}.Debug|Any CPU.Build.0 = Debug|Any CPU
		{1D1180A3-1463-4A87-A4E9-9744EC97808F}.Release|Any CPU.ActiveCfg = Release|Any CPU
		{1D1180A3-1463-4A87-A4E9-9744EC97808F}.Release|Any CPU.Build.0 = Release|Any CPU
		{1369EE35-B756-41C9-ADDD-87F8C3DB3FA1}.Debug|Any CPU.ActiveCfg = Debug|Any CPU
		{1369EE35-B756-41C9-ADDD-87F8C3DB3FA1}.Debug|Any CPU.Build.0 = Debug|Any CPU
		{1369EE35-B756-41C9-ADDD-87F8C3DB3FA1}.Release|Any CPU.ActiveCfg = Release|Any CPU
		{1369EE35-B756-41C9-ADDD-87F8C3DB3FA1}.Release|Any CPU.Build.0 = Release|Any CPU
	EndGlobalSection
	GlobalSection(SolutionProperties) = preSolution
		HideSolutionNode = FALSE
	EndGlobalSection
	GlobalSection(NestedProjects) = preSolution
		{58F2C7DE-A4FE-457D-92AE-01DE496EB801} = {6881A608-B306-4243-AEDA-958EFCB1442C}
		{D741DC86-3DCA-4A70-B677-BC63DC952C73} = {6881A608-B306-4243-AEDA-958EFCB1442C}
		{F470C52F-3A13-4210-A23D-0BEEF6E53841} = {6881A608-B306-4243-AEDA-958EFCB1442C}
		{F6AE998C-3879-42FE-9C31-06D244E833B2} = {6881A608-B306-4243-AEDA-958EFCB1442C}
		{41B6B95B-9DD3-4AA0-9491-2B4B1A1ACA02} = {6881A608-B306-4243-AEDA-958EFCB1442C}
		{933E4718-E4E0-4D33-94C8-2FD68EB03768} = {6881A608-B306-4243-AEDA-958EFCB1442C}
		{D03D1E5F-CF71-44BD-8109-BA5B56813B26} = {6881A608-B306-4243-AEDA-958EFCB1442C}
		{F4E4BC27-2EB3-4FCA-B43F-52FF0393127B} = {6881A608-B306-4243-AEDA-958EFCB1442C}
		{F6A9712F-DC7B-4506-A97F-B813044B1719} = {6881A608-B306-4243-AEDA-958EFCB1442C}
		{4810D144-F864-4926-9B1B-98B900988104} = {6881A608-B306-4243-AEDA-958EFCB1442C}
		{F1F9C340-3D27-456F-884F-64E848A8871A} = {6881A608-B306-4243-AEDA-958EFCB1442C}
		{98076527-5593-4C68-ACF7-84617FB175F9} = {8A7D0879-B967-4DF1-BB77-D05529E3E265}
		{977AC170-BF7D-4D0A-AA91-B33C6AC72C33} = {98076527-5593-4C68-ACF7-84617FB175F9}
		{E4A07E24-484E-4F7F-AE56-A2C82789AEB3} = {98076527-5593-4C68-ACF7-84617FB175F9}
		{55F85640-F5BE-4934-8BCF-0D49885E96C3} = {98076527-5593-4C68-ACF7-84617FB175F9}
		{EBF1B400-98DB-45F9-98C3-682AED5C86AC} = {55F85640-F5BE-4934-8BCF-0D49885E96C3}
		{1A11B18C-B7E1-4CCF-85B6-EED44EBE9C26} = {98076527-5593-4C68-ACF7-84617FB175F9}
		{093154C6-7527-4FED-92D6-5884A32F2C8A} = {1A11B18C-B7E1-4CCF-85B6-EED44EBE9C26}
		{BE3362AD-138F-481C-B710-28A2DF01D4F2} = {977AC170-BF7D-4D0A-AA91-B33C6AC72C33}
		{B8F5B28F-1137-4E05-B0CA-DE8C94D05B74} = {6881A608-B306-4243-AEDA-958EFCB1442C}
		{69837F54-9A0E-4E07-B564-22A3AD1E4AEC} = {E4A07E24-484E-4F7F-AE56-A2C82789AEB3}
		{40F9E2BC-D0F5-4CE2-9D49-0971A96EB243} = {6881A608-B306-4243-AEDA-958EFCB1442C}
		{88A3ABAD-E1A0-4425-9A7D-64FC4587E6B8} = {98076527-5593-4C68-ACF7-84617FB175F9}
		{57905495-83FC-40DC-9EB0-C70DB466DEE2} = {88A3ABAD-E1A0-4425-9A7D-64FC4587E6B8}
		{1334328B-C5FE-4AD2-A625-6D5D9906B317} = {88A3ABAD-E1A0-4425-9A7D-64FC4587E6B8}
		{9C27C0DB-39E1-45F2-AC3E-9E9B53008FE5} = {8A7D0879-B967-4DF1-BB77-D05529E3E265}
		{5F4AD8CD-C089-4A2A-92B2-4CAFBF496B49} = {9C27C0DB-39E1-45F2-AC3E-9E9B53008FE5}
		{0D39682E-E230-47E3-A1ED-60D418368F0D} = {9C27C0DB-39E1-45F2-AC3E-9E9B53008FE5}
		{4FA88161-9B62-4764-84EA-B7126699AFA7} = {9C27C0DB-39E1-45F2-AC3E-9E9B53008FE5}
		{5C554E37-B4FF-4C30-866F-15ADCC2F44A9} = {9C27C0DB-39E1-45F2-AC3E-9E9B53008FE5}
		{DAE8E956-F7B7-4D72-B45D-7B0B71FE273B} = {5F4AD8CD-C089-4A2A-92B2-4CAFBF496B49}
		{A91F1019-6B06-4707-947C-8CCDFD24E1BD} = {0D39682E-E230-47E3-A1ED-60D418368F0D}
		{E8237B8E-C951-4939-9D31-53113D98A516} = {4FA88161-9B62-4764-84EA-B7126699AFA7}
		{23644B08-62FE-4863-8977-2F65696C1904} = {4FA88161-9B62-4764-84EA-B7126699AFA7}
		{BF27D71B-E7A4-4208-9845-32B06747D237} = {6881A608-B306-4243-AEDA-958EFCB1442C}
		{4046C294-C1FD-407E-8765-AEA0E6988F49} = {6881A608-B306-4243-AEDA-958EFCB1442C}
		{901FE2AE-C508-45C4-8641-4C38062A138B} = {5C554E37-B4FF-4C30-866F-15ADCC2F44A9}
		{ABE3EEE6-8AE9-4DA3-B3A2-FD51654A6EF1} = {6881A608-B306-4243-AEDA-958EFCB1442C}
		{28425359-FFC1-4ADD-A6E9-94E92424752A} = {8A7D0879-B967-4DF1-BB77-D05529E3E265}
		{9741C8ED-F597-43BA-925E-E06F4C6584B7} = {28425359-FFC1-4ADD-A6E9-94E92424752A}
		{C6E56D9E-A492-48C3-A3E4-6BBB80FD04EF} = {28425359-FFC1-4ADD-A6E9-94E92424752A}
		{C1F59CF2-9A10-4F6A-A33B-81733E9CA72A} = {28425359-FFC1-4ADD-A6E9-94E92424752A}
		{04CCDD5B-52D2-4B55-A741-F43491697C83} = {28425359-FFC1-4ADD-A6E9-94E92424752A}
		{C127E66D-600C-45D8-91EB-C78F3C2C96A7} = {9741C8ED-F597-43BA-925E-E06F4C6584B7}
		{1BAE37B3-87C2-4D63-B3F3-3C31E581DC9F} = {C6E56D9E-A492-48C3-A3E4-6BBB80FD04EF}
		{F3DF9D75-7F06-49C7-AD0A-2C7AC91D5F87} = {C1F59CF2-9A10-4F6A-A33B-81733E9CA72A}
		{40A88835-5A84-4516-BBD9-8C429B242A1D} = {04CCDD5B-52D2-4B55-A741-F43491697C83}
		{41276D30-0522-4BB0-AFD2-DF6943E98392} = {6881A608-B306-4243-AEDA-958EFCB1442C}
		{5A8F745C-1A87-4D63-8D48-59F5395C3879} = {6881A608-B306-4243-AEDA-958EFCB1442C}
		{63F0CDA3-050A-40BD-A369-D62408E6A82C} = {8A7D0879-B967-4DF1-BB77-D05529E3E265}
		{BDFE6CE8-DF2E-4CF2-BB1D-8F29001BA3C4} = {63F0CDA3-050A-40BD-A369-D62408E6A82C}
		{64E503E4-3286-4F46-B407-1CE82F93F047} = {63F0CDA3-050A-40BD-A369-D62408E6A82C}
		{C4E35E10-DF02-4B8B-AA3F-DBAED407E083} = {63F0CDA3-050A-40BD-A369-D62408E6A82C}
		{3912867C-1E49-4C50-8076-6E608C59F865} = {63F0CDA3-050A-40BD-A369-D62408E6A82C}
		{F55F6E9C-6731-4594-91F4-1A6B9C1D57C5} = {BDFE6CE8-DF2E-4CF2-BB1D-8F29001BA3C4}
		{98E9775D-AA8A-4D98-969A-E0A1CB2AA5E5} = {64E503E4-3286-4F46-B407-1CE82F93F047}
		{E20ED833-4B40-4C5B-B5E2-31854AE7FC39} = {C4E35E10-DF02-4B8B-AA3F-DBAED407E083}
		{1D1180A3-1463-4A87-A4E9-9744EC97808F} = {C4E35E10-DF02-4B8B-AA3F-DBAED407E083}
		{1369EE35-B756-41C9-ADDD-87F8C3DB3FA1} = {3912867C-1E49-4C50-8076-6E608C59F865}
	EndGlobalSection
	GlobalSection(ExtensibilityGlobals) = postSolution
		SolutionGuid = {08D8D5A6-588D-4E19-A0A5-24B83A205F69}
	EndGlobalSection
EndGlobal
