
Microsoft Visual Studio Solution File, Format Version 12.00
# Visual Studio Version 16
VisualStudioVersion = 16.0.32106.194
MinimumVisualStudioVersion = 10.0.40219.1
Project("{2150E333-8FDC-42A3-9474-1A3956D46DE8}") = "Common", "Common", "{6881A608-B306-4243-AEDA-958EFCB1442C}"
EndProject
Project("{9A19103F-16F7-4668-BE54-9A1E7A4F7556}") = "SQL.Helper", "SQL.Helper\SQL.Helper.csproj", "{58F2C7DE-A4FE-457D-92AE-01DE496EB801}"
EndProject
Project("{9A19103F-16F7-4668-BE54-9A1E7A4F7556}") = "Utility.Extensions", "Utility.Extensions\Utility.Extensions.csproj", "{D741DC86-3DCA-4A70-B677-BC63DC952C73}"
EndProject
Project("{9A19103F-16F7-4668-BE54-9A1E7A4F7556}") = "Utility.Attributes", "Utility.Attribute\Utility.Attributes.csproj", "{F470C52F-3A13-4210-A23D-0BEEF6E53841}"
EndProject
Project("{9A19103F-16F7-4668-BE54-9A1E7A4F7556}") = "Utility.Excel", "Utility.Excel\Utility.Excel.csproj", "{F6AE998C-3879-42FE-9C31-06D244E833B2}"
EndProject
Project("{9A19103F-16F7-4668-BE54-9A1E7A4F7556}") = "Common.Enums", "Comman.Enums\Common.Enums.csproj", "{41B6B95B-9DD3-4AA0-9491-2B4B1A1ACA02}"
EndProject
Project("{9A19103F-16F7-4668-BE54-9A1E7A4F7556}") = "HotRod.Cache", "HotRod.Cache\HotRod.Cache.csproj", "{933E4718-E4E0-4D33-94C8-2FD68EB03768}"
EndProject
Project("{9A19103F-16F7-4668-BE54-9A1E7A4F7556}") = "Application.Behaviours", "Application.Behaviours\Application.Behaviours.csproj", "{D03D1E5F-CF71-44BD-8109-BA5B56813B26}"
EndProject
Project("{9A19103F-16F7-4668-BE54-9A1E7A4F7556}") = "Common.Wrappers", "Common.Model\Common.Wrappers.csproj", "{F4E4BC27-2EB3-4FCA-B43F-52FF0393127B}"
EndProject
Project("{9A19103F-16F7-4668-BE54-9A1E7A4F7556}") = "WebApi.Services", "WebApi.Services\WebApi.Services.csproj", "{F6A9712F-DC7B-4506-A97F-B813044B1719}"
EndProject
Project("{9A19103F-16F7-4668-BE54-9A1E7A4F7556}") = "Loggers.Logs", "Loggers.Logs\Loggers.Logs.csproj", "{4810D144-F864-4926-9B1B-98B900988104}"
EndProject
Project("{9A19103F-16F7-4668-BE54-9A1E7A4F7556}") = "Data.Db.Service", "Data.Db.Service\Data.Db.Service.csproj", "{F1F9C340-3D27-456F-884F-64E848A8871A}"
EndProject
Project("{2150E333-8FDC-42A3-9474-1A3956D46DE8}") = "Sample", "Sample", "{98076527-5593-4C68-ACF7-84617FB175F9}"
EndProject
Project("{2150E333-8FDC-42A3-9474-1A3956D46DE8}") = "Domain", "Domain", "{977AC170-BF7D-4D0A-AA91-B33C6AC72C33}"
EndProject
Project("{2150E333-8FDC-42A3-9474-1A3956D46DE8}") = "Infrastructure", "Infrastructure", "{E4A07E24-484E-4F7F-AE56-A2C82789AEB3}"
EndProject
Project("{2150E333-8FDC-42A3-9474-1A3956D46DE8}") = "API", "API", "{55F85640-F5BE-4934-8BCF-0D49885E96C3}"
EndProject
Project("{FAE04EC0-301F-11D3-BF4B-00C04F79EFBC}") = "Sample.API", "SampleWebAPI\Sample.API.csproj", "{EBF1B400-98DB-45F9-98C3-682AED5C86AC}"
EndProject
Project("{2150E333-8FDC-42A3-9474-1A3956D46DE8}") = "Application", "Application", "{1A11B18C-B7E1-4CCF-85B6-EED44EBE9C26}"
EndProject
Project("{FAE04EC0-301F-11D3-BF4B-00C04F79EFBC}") = "Sample.Application", "Sample.Application\Sample.Application.csproj", "{093154C6-7527-4FED-92D6-5884A32F2C8A}"
EndProject
Project("{FAE04EC0-301F-11D3-BF4B-00C04F79EFBC}") = "Sample.Domain", "Core\Sample.Domain.csproj", "{BE3362AD-138F-481C-B710-28A2DF01D4F2}"
EndProject
Project("{FAE04EC0-301F-11D3-BF4B-00C04F79EFBC}") = "Common.Application", "Common.Application\Common.Application.csproj", "{B8F5B28F-1137-4E05-B0CA-DE8C94D05B74}"
EndProject
Project("{FAE04EC0-301F-11D3-BF4B-00C04F79EFBC}") = "Sample.Infrastructure", "Infrastructure\Sample.Infrastructure.csproj", "{69837F54-9A0E-4E07-B564-22A3AD1E4AEC}"
EndProject
Global
	GlobalSection(SolutionConfigurationPlatforms) = preSolution
		Debug|Any CPU = Debug|Any CPU
		Release|Any CPU = Release|Any CPU
	EndGlobalSection
	GlobalSection(ProjectConfigurationPlatforms) = postSolution
		{58F2C7DE-A4FE-457D-92AE-01DE496EB801}.Debug|Any CPU.ActiveCfg = Debug|Any CPU
		{58F2C7DE-A4FE-457D-92AE-01DE496EB801}.Debug|Any CPU.Build.0 = Debug|Any CPU
		{58F2C7DE-A4FE-457D-92AE-01DE496EB801}.Release|Any CPU.ActiveCfg = Release|Any CPU
		{58F2C7DE-A4FE-457D-92AE-01DE496EB801}.Release|Any CPU.Build.0 = Release|Any CPU
		{D741DC86-3DCA-4A70-B677-BC63DC952C73}.Debug|Any CPU.ActiveCfg = Debug|Any CPU
		{D741DC86-3DCA-4A70-B677-BC63DC952C73}.Debug|Any CPU.Build.0 = Debug|Any CPU
		{D741DC86-3DCA-4A70-B677-BC63DC952C73}.Release|Any CPU.ActiveCfg = Release|Any CPU
		{D741DC86-3DCA-4A70-B677-BC63DC952C73}.Release|Any CPU.Build.0 = Release|Any CPU
		{F470C52F-3A13-4210-A23D-0BEEF6E53841}.Debug|Any CPU.ActiveCfg = Debug|Any CPU
		{F470C52F-3A13-4210-A23D-0BEEF6E53841}.Debug|Any CPU.Build.0 = Debug|Any CPU
		{F470C52F-3A13-4210-A23D-0BEEF6E53841}.Release|Any CPU.ActiveCfg = Release|Any CPU
		{F470C52F-3A13-4210-A23D-0BEEF6E53841}.Release|Any CPU.Build.0 = Release|Any CPU
		{F6AE998C-3879-42FE-9C31-06D244E833B2}.Debug|Any CPU.ActiveCfg = Debug|Any CPU
		{F6AE998C-3879-42FE-9C31-06D244E833B2}.Debug|Any CPU.Build.0 = Debug|Any CPU
		{F6AE998C-3879-42FE-9C31-06D244E833B2}.Release|Any CPU.ActiveCfg = Release|Any CPU
		{F6AE998C-3879-42FE-9C31-06D244E833B2}.Release|Any CPU.Build.0 = Release|Any CPU
		{41B6B95B-9DD3-4AA0-9491-2B4B1A1ACA02}.Debug|Any CPU.ActiveCfg = Debug|Any CPU
		{41B6B95B-9DD3-4AA0-9491-2B4B1A1ACA02}.Debug|Any CPU.Build.0 = Debug|Any CPU
		{41B6B95B-9DD3-4AA0-9491-2B4B1A1ACA02}.Release|Any CPU.ActiveCfg = Release|Any CPU
		{41B6B95B-9DD3-4AA0-9491-2B4B1A1ACA02}.Release|Any CPU.Build.0 = Release|Any CPU
		{933E4718-E4E0-4D33-94C8-2FD68EB03768}.Debug|Any CPU.ActiveCfg = Debug|Any CPU
		{933E4718-E4E0-4D33-94C8-2FD68EB03768}.Debug|Any CPU.Build.0 = Debug|Any CPU
		{933E4718-E4E0-4D33-94C8-2FD68EB03768}.Release|Any CPU.ActiveCfg = Release|Any CPU
		{933E4718-E4E0-4D33-94C8-2FD68EB03768}.Release|Any CPU.Build.0 = Release|Any CPU
		{D03D1E5F-CF71-44BD-8109-BA5B56813B26}.Debug|Any CPU.ActiveCfg = Debug|Any CPU
		{D03D1E5F-CF71-44BD-8109-BA5B56813B26}.Debug|Any CPU.Build.0 = Debug|Any CPU
		{D03D1E5F-CF71-44BD-8109-BA5B56813B26}.Release|Any CPU.ActiveCfg = Release|Any CPU
		{D03D1E5F-CF71-44BD-8109-BA5B56813B26}.Release|Any CPU.Build.0 = Release|Any CPU
		{F4E4BC27-2EB3-4FCA-B43F-52FF0393127B}.Debug|Any CPU.ActiveCfg = Debug|Any CPU
		{F4E4BC27-2EB3-4FCA-B43F-52FF0393127B}.Debug|Any CPU.Build.0 = Debug|Any CPU
		{F4E4BC27-2EB3-4FCA-B43F-52FF0393127B}.Release|Any CPU.ActiveCfg = Release|Any CPU
		{F4E4BC27-2EB3-4FCA-B43F-52FF0393127B}.Release|Any CPU.Build.0 = Release|Any CPU
		{F6A9712F-DC7B-4506-A97F-B813044B1719}.Debug|Any CPU.ActiveCfg = Debug|Any CPU
		{F6A9712F-DC7B-4506-A97F-B813044B1719}.Debug|Any CPU.Build.0 = Debug|Any CPU
		{F6A9712F-DC7B-4506-A97F-B813044B1719}.Release|Any CPU.ActiveCfg = Release|Any CPU
		{F6A9712F-DC7B-4506-A97F-B813044B1719}.Release|Any CPU.Build.0 = Release|Any CPU
		{4810D144-F864-4926-9B1B-98B900988104}.Debug|Any CPU.ActiveCfg = Debug|Any CPU
		{4810D144-F864-4926-9B1B-98B900988104}.Debug|Any CPU.Build.0 = Debug|Any CPU
		{4810D144-F864-4926-9B1B-98B900988104}.Release|Any CPU.ActiveCfg = Release|Any CPU
		{4810D144-F864-4926-9B1B-98B900988104}.Release|Any CPU.Build.0 = Release|Any CPU
		{F1F9C340-3D27-456F-884F-64E848A8871A}.Debug|Any CPU.ActiveCfg = Debug|Any CPU
		{F1F9C340-3D27-456F-884F-64E848A8871A}.Debug|Any CPU.Build.0 = Debug|Any CPU
		{F1F9C340-3D27-456F-884F-64E848A8871A}.Release|Any CPU.ActiveCfg = Release|Any CPU
		{F1F9C340-3D27-456F-884F-64E848A8871A}.Release|Any CPU.Build.0 = Release|Any CPU
		{EBF1B400-98DB-45F9-98C3-682AED5C86AC}.Debug|Any CPU.ActiveCfg = Debug|Any CPU
		{EBF1B400-98DB-45F9-98C3-682AED5C86AC}.Debug|Any CPU.Build.0 = Debug|Any CPU
		{EBF1B400-98DB-45F9-98C3-682AED5C86AC}.Release|Any CPU.ActiveCfg = Release|Any CPU
		{EBF1B400-98DB-45F9-98C3-682AED5C86AC}.Release|Any CPU.Build.0 = Release|Any CPU
		{093154C6-7527-4FED-92D6-5884A32F2C8A}.Debug|Any CPU.ActiveCfg = Debug|Any CPU
		{093154C6-7527-4FED-92D6-5884A32F2C8A}.Debug|Any CPU.Build.0 = Debug|Any CPU
		{093154C6-7527-4FED-92D6-5884A32F2C8A}.Release|Any CPU.ActiveCfg = Release|Any CPU
		{093154C6-7527-4FED-92D6-5884A32F2C8A}.Release|Any CPU.Build.0 = Release|Any CPU
		{BE3362AD-138F-481C-B710-28A2DF01D4F2}.Debug|Any CPU.ActiveCfg = Debug|Any CPU
		{BE3362AD-138F-481C-B710-28A2DF01D4F2}.Debug|Any CPU.Build.0 = Debug|Any CPU
		{BE3362AD-138F-481C-B710-28A2DF01D4F2}.Release|Any CPU.ActiveCfg = Release|Any CPU
		{BE3362AD-138F-481C-B710-28A2DF01D4F2}.Release|Any CPU.Build.0 = Release|Any CPU
		{B8F5B28F-1137-4E05-B0CA-DE8C94D05B74}.Debug|Any CPU.ActiveCfg = Debug|Any CPU
		{B8F5B28F-1137-4E05-B0CA-DE8C94D05B74}.Debug|Any CPU.Build.0 = Debug|Any CPU
		{B8F5B28F-1137-4E05-B0CA-DE8C94D05B74}.Release|Any CPU.ActiveCfg = Release|Any CPU
		{B8F5B28F-1137-4E05-B0CA-DE8C94D05B74}.Release|Any CPU.Build.0 = Release|Any CPU
		{69837F54-9A0E-4E07-B564-22A3AD1E4AEC}.Debug|Any CPU.ActiveCfg = Debug|Any CPU
		{69837F54-9A0E-4E07-B564-22A3AD1E4AEC}.Debug|Any CPU.Build.0 = Debug|Any CPU
		{69837F54-9A0E-4E07-B564-22A3AD1E4AEC}.Release|Any CPU.ActiveCfg = Release|Any CPU
		{69837F54-9A0E-4E07-B564-22A3AD1E4AEC}.Release|Any CPU.Build.0 = Release|Any CPU
	EndGlobalSection
	GlobalSection(SolutionProperties) = preSolution
		HideSolutionNode = FALSE
	EndGlobalSection
	GlobalSection(NestedProjects) = preSolution
		{58F2C7DE-A4FE-457D-92AE-01DE496EB801} = {6881A608-B306-4243-AEDA-958EFCB1442C}
		{D741DC86-3DCA-4A70-B677-BC63DC952C73} = {6881A608-B306-4243-AEDA-958EFCB1442C}
		{F470C52F-3A13-4210-A23D-0BEEF6E53841} = {6881A608-B306-4243-AEDA-958EFCB1442C}
		{F6AE998C-3879-42FE-9C31-06D244E833B2} = {6881A608-B306-4243-AEDA-958EFCB1442C}
		{41B6B95B-9DD3-4AA0-9491-2B4B1A1ACA02} = {6881A608-B306-4243-AEDA-958EFCB1442C}
		{933E4718-E4E0-4D33-94C8-2FD68EB03768} = {6881A608-B306-4243-AEDA-958EFCB1442C}
		{D03D1E5F-CF71-44BD-8109-BA5B56813B26} = {6881A608-B306-4243-AEDA-958EFCB1442C}
		{F4E4BC27-2EB3-4FCA-B43F-52FF0393127B} = {6881A608-B306-4243-AEDA-958EFCB1442C}
		{F6A9712F-DC7B-4506-A97F-B813044B1719} = {6881A608-B306-4243-AEDA-958EFCB1442C}
		{4810D144-F864-4926-9B1B-98B900988104} = {6881A608-B306-4243-AEDA-958EFCB1442C}
		{F1F9C340-3D27-456F-884F-64E848A8871A} = {6881A608-B306-4243-AEDA-958EFCB1442C}
		{977AC170-BF7D-4D0A-AA91-B33C6AC72C33} = {98076527-5593-4C68-ACF7-84617FB175F9}
		{E4A07E24-484E-4F7F-AE56-A2C82789AEB3} = {98076527-5593-4C68-ACF7-84617FB175F9}
		{55F85640-F5BE-4934-8BCF-0D49885E96C3} = {98076527-5593-4C68-ACF7-84617FB175F9}
		{EBF1B400-98DB-45F9-98C3-682AED5C86AC} = {55F85640-F5BE-4934-8BCF-0D49885E96C3}
		{1A11B18C-B7E1-4CCF-85B6-EED44EBE9C26} = {98076527-5593-4C68-ACF7-84617FB175F9}
		{093154C6-7527-4FED-92D6-5884A32F2C8A} = {1A11B18C-B7E1-4CCF-85B6-EED44EBE9C26}
		{BE3362AD-138F-481C-B710-28A2DF01D4F2} = {977AC170-BF7D-4D0A-AA91-B33C6AC72C33}
		{B8F5B28F-1137-4E05-B0CA-DE8C94D05B74} = {6881A608-B306-4243-AEDA-958EFCB1442C}
		{69837F54-9A0E-4E07-B564-22A3AD1E4AEC} = {E4A07E24-484E-4F7F-AE56-A2C82789AEB3}
	EndGlobalSection
	GlobalSection(ExtensibilityGlobals) = postSolution
		SolutionGuid = {08D8D5A6-588D-4E19-A0A5-24B83A205F69}
	EndGlobalSection
EndGlobal
